PODS:
  - flutter_drop (0.0.1):
    - FlutterMacOS
  - FlutterMacOS (1.0.0)

DEPENDENCIES:
  - flutter_drop (from `Flutter/ephemeral/.symlinks/plugins/flutter_drop/macos`)
  - FlutterMacOS (from `Flutter/ephemeral`)

EXTERNAL SOURCES:
  flutter_drop:
    :path: Flutter/ephemeral/.symlinks/plugins/flutter_drop/macos
  FlutterMacOS:
    :path: Flutter/ephemeral

SPEC CHECKSUMS:
  flutter_drop: 1ab5abec5cf6d5223c76dd4327fe4c62470cbaa4
  FlutterMacOS: d0db08ddef1a9af05a5ec4b724367152bb0500b1

PODFILE CHECKSUM: 54d867c82ac51cbd61b565781b9fada492027009

COCOAPODS: 1.16.2
